
Microsoft Visual Studio Solution File, Format Version 12.00
# Visual Studio Version 16
VisualStudioVersion = 16.0.30406.217
MinimumVisualStudioVersion = 10.0.40219.1
Project("{FAE04EC0-301F-11D3-BF4B-00C04F79EFBC}") = "Type Casting", "Type Casting\Type Casting.csproj", "{BC5B0C1C-2A16-4BE5-9069-0C335E16A4A3}"
EndProject
Global
	GlobalSection(SolutionConfigurationPlatforms) = preSolution
		Debug|Any CPU = Debug|Any CPU
		Release|Any CPU = Release|Any CPU
	EndGlobalSection
	GlobalSection(ProjectConfigurationPlatforms) = postSolution
		{BC5B0C1C-2A16-4BE5-9069-0C335E16A4A3}.Debug|Any CPU.ActiveCfg = Debug|Any CPU
		{BC5B0C1C-2A16-4BE5-9069-0C335E16A4A3}.Debug|Any CPU.Build.0 = Debug|Any CPU
		{BC5B0C1C-2A16-4BE5-9069-0C335E16A4A3}.Release|Any CPU.ActiveCfg = Release|Any CPU
		{BC5B0C1C-2A16-4BE5-9069-0C335E16A4A3}.Release|Any CPU.Build.0 = Release|Any CPU
	EndGlobalSection
	GlobalSection(SolutionProperties) = preSolution
		HideSolutionNode = FALSE
	EndGlobalSection
	GlobalSection(ExtensibilityGlobals) = postSolution
		SolutionGuid = {48D66604-3880-4CBE-AB21-83CCF8EFCB2E}
	EndGlobalSection
EndGlobal
